// !$*UTF8*$!
{
	archiveVersion = 1;
	classes = {
	};
	objectVersion = 50;
	objects = {

/* Begin PBXBuildFile section */
		17FC0D0823E1788B003071D8 /* AppDelegate.swift in Sources */ = {isa = PBXBuildFile; fileRef = 17FC0D0723E1788B003071D8 /* AppDelegate.swift */; };
		17FC0D0E23E1788B003071D8 /* GameScene.swift in Sources */ = {isa = PBXBuildFile; fileRef = 17FC0D0D23E1788B003071D8 /* GameScene.swift */; };
		17FC0D1023E1788B003071D8 /* GameViewController.swift in Sources */ = {isa = PBXBuildFile; fileRef = 17FC0D0F23E1788B003071D8 /* GameViewController.swift */; };
		17FC0D1323E1788B003071D8 /* Main.storyboard in Resources */ = {isa = PBXBuildFile; fileRef = 17FC0D1123E1788B003071D8 /* Main.storyboard */; };
		17FC0D1523E1788F003071D8 /* Assets.xcassets in Resources */ = {isa = PBXBuildFile; fileRef = 17FC0D1423E1788F003071D8 /* Assets.xcassets */; };
		17FC0D1823E1788F003071D8 /* LaunchScreen.storyboard in Resources */ = {isa = PBXBuildFile; fileRef = 17FC0D1623E1788F003071D8 /* LaunchScreen.storyboard */; };
		646D9DF323E17B4200204082 /* EndScreen.swift in Sources */ = {isa = PBXBuildFile; fileRef = 646D9DF223E17B4200204082 /* EndScreen.swift */; };
		646D9DF523E180F000204082 /* MainMenu.swift in Sources */ = {isa = PBXBuildFile; fileRef = 646D9DF423E180F000204082 /* MainMenu.swift */; };
		646D9DF723E190B800204082 /* SubMainMenu.swift in Sources */ = {isa = PBXBuildFile; fileRef = 646D9DF623E190B800204082 /* SubMainMenu.swift */; };
		646D9DF923E1A4F300204082 /* winEffect.sks in Resources */ = {isa = PBXBuildFile; fileRef = 646D9DF823E1A4F300204082 /* winEffect.sks */; };
/* End PBXBuildFile section */

/* Begin PBXFileReference section */
		17FC0D0423E1788B003071D8 /* Indy4HIT.app */ = {isa = PBXFileReference; explicitFileType = wrapper.application; includeInIndex = 0; path = Indy4HIT.app; sourceTree = BUILT_PRODUCTS_DIR; };
		17FC0D0723E1788B003071D8 /* AppDelegate.swift */ = {isa = PBXFileReference; lastKnownFileType = sourcecode.swift; path = AppDelegate.swift; sourceTree = "<group>"; };
		17FC0D0D23E1788B003071D8 /* GameScene.swift */ = {isa = PBXFileReference; lastKnownFileType = sourcecode.swift; path = GameScene.swift; sourceTree = "<group>"; };
		17FC0D0F23E1788B003071D8 /* GameViewController.swift */ = {isa = PBXFileReference; lastKnownFileType = sourcecode.swift; path = GameViewController.swift; sourceTree = "<group>"; };
		17FC0D1223E1788B003071D8 /* Base */ = {isa = PBXFileReference; lastKnownFileType = file.storyboard; name = Base; path = Base.lproj/Main.storyboard; sourceTree = "<group>"; };
		17FC0D1423E1788F003071D8 /* Assets.xcassets */ = {isa = PBXFileReference; lastKnownFileType = folder.assetcatalog; path = Assets.xcassets; sourceTree = "<group>"; };
		17FC0D1723E1788F003071D8 /* Base */ = {isa = PBXFileReference; lastKnownFileType = file.storyboard; name = Base; path = Base.lproj/LaunchScreen.storyboard; sourceTree = "<group>"; };
		17FC0D1923E1788F003071D8 /* Info.plist */ = {isa = PBXFileReference; lastKnownFileType = text.plist.xml; path = Info.plist; sourceTree = "<group>"; };
		646D9DF223E17B4200204082 /* EndScreen.swift */ = {isa = PBXFileReference; lastKnownFileType = sourcecode.swift; path = EndScreen.swift; sourceTree = "<group>"; };
		646D9DF423E180F000204082 /* MainMenu.swift */ = {isa = PBXFileReference; lastKnownFileType = sourcecode.swift; path = MainMenu.swift; sourceTree = "<group>"; };
		646D9DF623E190B800204082 /* SubMainMenu.swift */ = {isa = PBXFileReference; lastKnownFileType = sourcecode.swift; path = SubMainMenu.swift; sourceTree = "<group>"; };
		646D9DF823E1A4F300204082 /* winEffect.sks */ = {isa = PBXFileReference; lastKnownFileType = file.sks; path = winEffect.sks; sourceTree = "<group>"; };
/* End PBXFileReference section */

/* Begin PBXFrameworksBuildPhase section */
		17FC0D0123E1788B003071D8 /* Frameworks */ = {
			isa = PBXFrameworksBuildPhase;
			buildActionMask = 2147483647;
			files = (
			);
			runOnlyForDeploymentPostprocessing = 0;
		};
/* End PBXFrameworksBuildPhase section */

/* Begin PBXGroup section */
		17FC0CFB23E1788B003071D8 = {
			isa = PBXGroup;
			children = (
				17FC0D0623E1788B003071D8 /* Indy4HIT */,
				17FC0D0523E1788B003071D8 /* Products */,
			);
			sourceTree = "<group>";
		};
		17FC0D0523E1788B003071D8 /* Products */ = {
			isa = PBXGroup;
			children = (
				17FC0D0423E1788B003071D8 /* Indy4HIT.app */,
			);
			name = Products;
			sourceTree = "<group>";
		};
		17FC0D0623E1788B003071D8 /* Indy4HIT */ = {
			isa = PBXGroup;
			children = (
				17FC0D0723E1788B003071D8 /* AppDelegate.swift */,
				17FC0D0D23E1788B003071D8 /* GameScene.swift */,
				17FC0D0F23E1788B003071D8 /* GameViewController.swift */,
				17FC0D1123E1788B003071D8 /* Main.storyboard */,
				17FC0D1423E1788F003071D8 /* Assets.xcassets */,
				17FC0D1623E1788F003071D8 /* LaunchScreen.storyboard */,
				17FC0D1923E1788F003071D8 /* Info.plist */,
				646D9DF223E17B4200204082 /* EndScreen.swift */,
				646D9DF823E1A4F300204082 /* winEffect.sks */,
				646D9DF423E180F000204082 /* MainMenu.swift */,
				646D9DF623E190B800204082 /* SubMainMenu.swift */,
			);
			path = Indy4HIT;
			sourceTree = "<group>";
		};
/* End PBXGroup section */

/* Begin PBXNativeTarget section */
		17FC0D0323E1788B003071D8 /* Indy4HIT */ = {
			isa = PBXNativeTarget;
			buildConfigurationList = 17FC0D1C23E1788F003071D8 /* Build configuration list for PBXNativeTarget "Indy4HIT" */;
			buildPhases = (
				17FC0D0023E1788B003071D8 /* Sources */,
				17FC0D0123E1788B003071D8 /* Frameworks */,
				17FC0D0223E1788B003071D8 /* Resources */,
			);
			buildRules = (
			);
			dependencies = (
			);
			name = Indy4HIT;
			productName = Indy4HIT;
			productReference = 17FC0D0423E1788B003071D8 /* Indy4HIT.app */;
			productType = "com.apple.product-type.application";
		};
/* End PBXNativeTarget section */

/* Begin PBXProject section */
		17FC0CFC23E1788B003071D8 /* Project object */ = {
			isa = PBXProject;
			attributes = {
				LastSwiftUpdateCheck = 1130;
				LastUpgradeCheck = 1130;
				ORGANIZATIONNAME = "Florian Safer";
				TargetAttributes = {
					17FC0D0323E1788B003071D8 = {
						CreatedOnToolsVersion = 11.3.1;
					};
				};
			};
			buildConfigurationList = 17FC0CFF23E1788B003071D8 /* Build configuration list for PBXProject "Indy4HIT" */;
			compatibilityVersion = "Xcode 9.3";
			developmentRegion = en;
			hasScannedForEncodings = 0;
			knownRegions = (
				en,
				Base,
			);
			mainGroup = 17FC0CFB23E1788B003071D8;
			productRefGroup = 17FC0D0523E1788B003071D8 /* Products */;
			projectDirPath = "";
			projectRoot = "";
			targets = (
				17FC0D0323E1788B003071D8 /* Indy4HIT */,
			);
		};
/* End PBXProject section */

/* Begin PBXResourcesBuildPhase section */
		17FC0D0223E1788B003071D8 /* Resources */ = {
			isa = PBXResourcesBuildPhase;
			buildActionMask = 2147483647;
			files = (
				17FC0D1323E1788B003071D8 /* Main.storyboard in Resources */,
				17FC0D1523E1788F003071D8 /* Assets.xcassets in Resources */,
				17FC0D1823E1788F003071D8 /* LaunchScreen.storyboard in Resources */,
				646D9DF923E1A4F300204082 /* winEffect.sks in Resources */,
			);
			runOnlyForDeploymentPostprocessing = 0;
		};
/* End PBXResourcesBuildPhase section */

/* Begin PBXSourcesBuildPhase section */
		17FC0D0023E1788B003071D8 /* Sources */ = {
			isa = PBXSourcesBuildPhase;
			buildActionMask = 2147483647;
			files = (
				646D9DF523E180F000204082 /* MainMenu.swift in Sources */,
				17FC0D0E23E1788B003071D8 /* GameScene.swift in Sources */,
				646D9DF723E190B800204082 /* SubMainMenu.swift in Sources */,
				646D9DF323E17B4200204082 /* EndScreen.swift in Sources */,
				17FC0D1023E1788B003071D8 /* GameViewController.swift in Sources */,
				17FC0D0823E1788B003071D8 /* AppDelegate.swift in Sources */,
			);
			runOnlyForDeploymentPostprocessing = 0;
		};
/* End PBXSourcesBuildPhase section */

/* Begin PBXVariantGroup section */
		17FC0D1123E1788B003071D8 /* Main.storyboard */ = {
			isa = PBXVariantGroup;
			children = (
				17FC0D1223E1788B003071D8 /* Base */,
			);
			name = Main.storyboard;
			sourceTree = "<group>";
		};
		17FC0D1623E1788F003071D8 /* LaunchScreen.storyboard */ = {
			isa = PBXVariantGroup;
			children = (
				17FC0D1723E1788F003071D8 /* Base */,
			);
			name = LaunchScreen.storyboard;
			sourceTree = "<group>";
		};
/* End PBXVariantGroup section */

/* Begin XCBuildConfiguration section */
		17FC0D1A23E1788F003071D8 /* Debug */ = {
			isa = XCBuildConfiguration;
			buildSettings = {
				ALWAYS_SEARCH_USER_PATHS = NO;
				CLANG_ANALYZER_NONNULL = YES;
				CLANG_ANALYZER_NUMBER_OBJECT_CONVERSION = YES_AGGRESSIVE;
				CLANG_CXX_LANGUAGE_STANDARD = "gnu++14";
				CLANG_CXX_LIBRARY = "libc++";
				CLANG_ENABLE_MODULES = YES;
				CLANG_ENABLE_OBJC_ARC = YES;
				CLANG_ENABLE_OBJC_WEAK = YES;
				CLANG_WARN_BLOCK_CAPTURE_AUTORELEASING = YES;
				CLANG_WARN_BOOL_CONVERSION = YES;
				CLANG_WARN_COMMA = YES;
				CLANG_WARN_CONSTANT_CONVERSION = YES;
				CLANG_WARN_DEPRECATED_OBJC_IMPLEMENTATIONS = YES;
				CLANG_WARN_DIRECT_OBJC_ISA_USAGE = YES_ERROR;
				CLANG_WARN_DOCUMENTATION_COMMENTS = YES;
				CLANG_WARN_EMPTY_BODY = YES;
				CLANG_WARN_ENUM_CONVERSION = YES;
				CLANG_WARN_INFINITE_RECURSION = YES;
				CLANG_WARN_INT_CONVERSION = YES;
				CLANG_WARN_NON_LITERAL_NULL_CONVERSION = YES;
				CLANG_WARN_OBJC_IMPLICIT_RETAIN_SELF = YES;
				CLANG_WARN_OBJC_LITERAL_CONVERSION = YES;
				CLANG_WARN_OBJC_ROOT_CLASS = YES_ERROR;
				CLANG_WARN_RANGE_LOOP_ANALYSIS = YES;
				CLANG_WARN_STRICT_PROTOTYPES = YES;
				CLANG_WARN_SUSPICIOUS_MOVE = YES;
				CLANG_WARN_UNGUARDED_AVAILABILITY = YES_AGGRESSIVE;
				CLANG_WARN_UNREACHABLE_CODE = YES;
				CLANG_WARN__DUPLICATE_METHOD_MATCH = YES;
				COPY_PHASE_STRIP = NO;
				DEBUG_INFORMATION_FORMAT = dwarf;
				ENABLE_STRICT_OBJC_MSGSEND = YES;
				ENABLE_TESTABILITY = YES;
				GCC_C_LANGUAGE_STANDARD = gnu11;
				GCC_DYNAMIC_NO_PIC = NO;
				GCC_NO_COMMON_BLOCKS = YES;
				GCC_OPTIMIZATION_LEVEL = 0;
				GCC_PREPROCESSOR_DEFINITIONS = (
					"DEBUG=1",
					"$(inherited)",
				);
				GCC_WARN_64_TO_32_BIT_CONVERSION = YES;
				GCC_WARN_ABOUT_RETURN_TYPE = YES_ERROR;
				GCC_WARN_UNDECLARED_SELECTOR = YES;
				GCC_WARN_UNINITIALIZED_AUTOS = YES_AGGRESSIVE;
				GCC_WARN_UNUSED_FUNCTION = YES;
				GCC_WARN_UNUSED_VARIABLE = YES;
				IPHONEOS_DEPLOYMENT_TARGET = 13.2;
				MTL_ENABLE_DEBUG_INFO = INCLUDE_SOURCE;
				MTL_FAST_MATH = YES;
				ONLY_ACTIVE_ARCH = YES;
				SDKROOT = iphoneos;
				SWIFT_ACTIVE_COMPILATION_CONDITIONS = DEBUG;
				SWIFT_OPTIMIZATION_LEVEL = "-Onone";
			};
			name = Debug;
		};
		17FC0D1B23E1788F003071D8 /* Release */ = {
			isa = XCBuildConfiguration;
			buildSettings = {
				ALWAYS_SEARCH_USER_PATHS = NO;
				CLANG_ANALYZER_NONNULL = YES;
				CLANG_ANALYZER_NUMBER_OBJECT_CONVERSION = YES_AGGRESSIVE;
				CLANG_CXX_LANGUAGE_STANDARD = "gnu++14";
				CLANG_CXX_LIBRARY = "libc++";
				CLANG_ENABLE_MODULES = YES;
				CLANG_ENABLE_OBJC_ARC = YES;
				CLANG_ENABLE_OBJC_WEAK = YES;
				CLANG_WARN_BLOCK_CAPTURE_AUTORELEASING = YES;
				CLANG_WARN_BOOL_CONVERSION = YES;
				CLANG_WARN_COMMA = YES;
				CLANG_WARN_CONSTANT_CONVERSION = YES;
				CLANG_WARN_DEPRECATED_OBJC_IMPLEMENTATIONS = YES;
				CLANG_WARN_DIRECT_OBJC_ISA_USAGE = YES_ERROR;
				CLANG_WARN_DOCUMENTATION_COMMENTS = YES;
				CLANG_WARN_EMPTY_BODY = YES;
				CLANG_WARN_ENUM_CONVERSION = YES;
				CLANG_WARN_INFINITE_RECURSION = YES;
				CLANG_WARN_INT_CONVERSION = YES;
				CLANG_WARN_NON_LITERAL_NULL_CONVERSION = YES;
				CLANG_WARN_OBJC_IMPLICIT_RETAIN_SELF = YES;
				CLANG_WARN_OBJC_LITERAL_CONVERSION = YES;
				CLANG_WARN_OBJC_ROOT_CLASS = YES_ERROR;
				CLANG_WARN_RANGE_LOOP_ANALYSIS = YES;
				CLANG_WARN_STRICT_PROTOTYPES = YES;
				CLANG_WARN_SUSPICIOUS_MOVE = YES;
				CLANG_WARN_UNGUARDED_AVAILABILITY = YES_AGGRESSIVE;
				CLANG_WARN_UNREACHABLE_CODE = YES;
				CLANG_WARN__DUPLICATE_METHOD_MATCH = YES;
				COPY_PHASE_STRIP = NO;
				DEBUG_INFORMATION_FORMAT = "dwarf-with-dsym";
				ENABLE_NS_ASSERTIONS = NO;
				ENABLE_STRICT_OBJC_MSGSEND = YES;
				GCC_C_LANGUAGE_STANDARD = gnu11;
				GCC_NO_COMMON_BLOCKS = YES;
				GCC_WARN_64_TO_32_BIT_CONVERSION = YES;
				GCC_WARN_ABOUT_RETURN_TYPE = YES_ERROR;
				GCC_WARN_UNDECLARED_SELECTOR = YES;
				GCC_WARN_UNINITIALIZED_AUTOS = YES_AGGRESSIVE;
				GCC_WARN_UNUSED_FUNCTION = YES;
				GCC_WARN_UNUSED_VARIABLE = YES;
				IPHONEOS_DEPLOYMENT_TARGET = 13.2;
				MTL_ENABLE_DEBUG_INFO = NO;
				MTL_FAST_MATH = YES;
				SDKROOT = iphoneos;
				SWIFT_COMPILATION_MODE = wholemodule;
				SWIFT_OPTIMIZATION_LEVEL = "-O";
				VALIDATE_PRODUCT = YES;
			};
			name = Release;
		};
		17FC0D1D23E1788F003071D8 /* Debug */ = {
			isa = XCBuildConfiguration;
			buildSettings = {
				ASSETCATALOG_COMPILER_APPICON_NAME = AppIcon;
				CODE_SIGN_STYLE = Automatic;
				DEVELOPMENT_TEAM = W4QRYY5XKP;
				INFOPLIST_FILE = Indy4HIT/Info.plist;
				IPHONEOS_DEPLOYMENT_TARGET = 11.0;
				LD_RUNPATH_SEARCH_PATHS = (
					"$(inherited)",
					"@executable_path/Frameworks",
				);
				PRODUCT_BUNDLE_IDENTIFIER = fsafer.Indy4HIT;
				PRODUCT_NAME = "$(TARGET_NAME)";
				SWIFT_VERSION = 5.0;
				TARGETED_DEVICE_FAMILY = "1,2";
			};
			name = Debug;
		};
		17FC0D1E23E1788F003071D8 /* Release */ = {
			isa = XCBuildConfiguration;
			buildSettings = {
				ASSETCATALOG_COMPILER_APPICON_NAME = AppIcon;
				CODE_SIGN_STYLE = Automatic;
				DEVELOPMENT_TEAM = W4QRYY5XKP;
				INFOPLIST_FILE = Indy4HIT/Info.plist;
				IPHONEOS_DEPLOYMENT_TARGET = 11.0;
				LD_RUNPATH_SEARCH_PATHS = (
					"$(inherited)",
					"@executable_path/Frameworks",
				);
				PRODUCT_BUNDLE_IDENTIFIER = fsafer.Indy4HIT;
				PRODUCT_NAME = "$(TARGET_NAME)";
				SWIFT_VERSION = 5.0;
				TARGETED_DEVICE_FAMILY = "1,2";
			};
			name = Release;
		};
/* End XCBuildConfiguration section */

/* Begin XCConfigurationList section */
		17FC0CFF23E1788B003071D8 /* Build configuration list for PBXProject "Indy4HIT" */ = {
			isa = XCConfigurationList;
			buildConfigurations = (
				17FC0D1A23E1788F003071D8 /* Debug */,
				17FC0D1B23E1788F003071D8 /* Release */,
			);
			defaultConfigurationIsVisible = 0;
			defaultConfigurationName = Release;
		};
		17FC0D1C23E1788F003071D8 /* Build configuration list for PBXNativeTarget "Indy4HIT" */ = {
			isa = XCConfigurationList;
			buildConfigurations = (
				17FC0D1D23E1788F003071D8 /* Debug */,
				17FC0D1E23E1788F003071D8 /* Release */,
			);
			defaultConfigurationIsVisible = 0;
			defaultConfigurationName = Release;
		};
/* End XCConfigurationList section */
	};
	rootObject = 17FC0CFC23E1788B003071D8 /* Project object */;
}
